
Microsoft Visual Studio Solution File, Format Version 12.00
# Visual Studio Version 17
VisualStudioVersion = 17.1.32210.238
MinimumVisualStudioVersion = 10.0.40219.1
Project("{2150E333-8FDC-42A3-9474-1A3956D46DE8}") = "Aula1", "Aula1", "{40403B08-1658-4DA4-91F7-86F699FA0B05}"
EndProject
Project("{FAE04EC0-301F-11D3-BF4B-00C04F79EFBC}") = "A1.1-SortedList", "A1.1-SortedList\A1.1-SortedList.csproj", "{A6621347-BF71-4030-9F8F-3029C996DED1}"
EndProject
Project("{2150E333-8FDC-42A3-9474-1A3956D46DE8}") = "Aula2", "Aula2", "{024DDE75-2A38-4350-B150-79DA7168C83E}"
EndProject
Project("{FAE04EC0-301F-11D3-BF4B-00C04F79EFBC}") = "A1.2-SortedDictionary", "A1.2-SortedDictionary\A1.2-SortedDictionary.csproj", "{30391F89-FA48-4C1B-9060-22C528A11CBA}"
EndProject
Project("{FAE04EC0-301F-11D3-BF4B-00C04F79EFBC}") = "A1.3-SortedSet", "A1.3-SortSet\A1.3-SortedSet.csproj", "{86C9D59B-FA6F-48B1-9D6A-ACC9E16EDDC1}"
EndProject
Project("{FAE04EC0-301F-11D3-BF4B-00C04F79EFBC}") = "A2.1-ArraysMultidimensionais", "A2.1-ArraysMultidimensionais\A2.1-ArraysMultidimensionais.csproj", "{F774FFA0-9163-4606-8978-62F298C1DE4E}"
EndProject
Project("{FAE04EC0-301F-11D3-BF4B-00C04F79EFBC}") = "A2.2-JaggedArrays", "A2.2-JaggedArrays\A2.2-JaggedArrays.csproj", "{C5778F28-B2C8-420D-84AC-428A3FC189AF}"
EndProject
Project("{2150E333-8FDC-42A3-9474-1A3956D46DE8}") = "Aula3", "Aula3", "{BA5A148E-569C-49F1-91B2-431AC78A6B4D}"
EndProject
Project("{FAE04EC0-301F-11D3-BF4B-00C04F79EFBC}") = "A3.1-ConsultandoCollections", "A3.1-ConsultandoCollections\A3.1-ConsultandoCollections.csproj", "{174CE022-7378-49DF-9768-921617655FD2}"
EndProject
Project("{2150E333-8FDC-42A3-9474-1A3956D46DE8}") = "Aula4", "Aula4", "{97AB6901-6EF1-4CCA-AAB1-31499C2C27DF}"
EndProject
Project("{FAE04EC0-301F-11D3-BF4B-00C04F79EFBC}") = "A4.1-OutrosOperadoresLINQ", "A4.1-OutrosOperadoresLINQ\A4.1-OutrosOperadoresLINQ.csproj", "{1383CB47-0765-4629-841F-1C6BB1B5C63C}"
EndProject
Project("{FAE04EC0-301F-11D3-BF4B-00C04F79EFBC}") = "A4.2-OperadoresDeConjuntos", "A4.2-OperadoresDeConjuntos\A4.2-OperadoresDeConjuntos.csproj", "{20461D61-63EA-4210-92F0-2F0D1057AF4B}"
EndProject
Project("{2150E333-8FDC-42A3-9474-1A3956D46DE8}") = "Aula5", "Aula5", "{48FEE9A8-929A-4C39-B463-8D44E90059D1}"
EndProject
Project("{FAE04EC0-301F-11D3-BF4B-00C04F79EFBC}") = "A5.1-Covariancia", "A5.1-Covariancia\A5.1-Covariancia.csproj", "{84C76C00-FEE3-4990-9C73-D6145425F7B6}"
EndProject
Project("{FAE04EC0-301F-11D3-BF4B-00C04F79EFBC}") = "A5.2-Foreach", "A5.2-Foreach\A5.2-Foreach.csproj", "{F3E01C5A-B625-490A-8652-1795CACEC28D}"
EndProject
Global
	GlobalSection(SolutionConfigurationPlatforms) = preSolution
		Debug|Any CPU = Debug|Any CPU
		Release|Any CPU = Release|Any CPU
	EndGlobalSection
	GlobalSection(ProjectConfigurationPlatforms) = postSolution
		{A6621347-BF71-4030-9F8F-3029C996DED1}.Debug|Any CPU.ActiveCfg = Debug|Any CPU
		{A6621347-BF71-4030-9F8F-3029C996DED1}.Debug|Any CPU.Build.0 = Debug|Any CPU
		{A6621347-BF71-4030-9F8F-3029C996DED1}.Release|Any CPU.ActiveCfg = Release|Any CPU
		{A6621347-BF71-4030-9F8F-3029C996DED1}.Release|Any CPU.Build.0 = Release|Any CPU
		{30391F89-FA48-4C1B-9060-22C528A11CBA}.Debug|Any CPU.ActiveCfg = Debug|Any CPU
		{30391F89-FA48-4C1B-9060-22C528A11CBA}.Debug|Any CPU.Build.0 = Debug|Any CPU
		{30391F89-FA48-4C1B-9060-22C528A11CBA}.Release|Any CPU.ActiveCfg = Release|Any CPU
		{30391F89-FA48-4C1B-9060-22C528A11CBA}.Release|Any CPU.Build.0 = Release|Any CPU
		{86C9D59B-FA6F-48B1-9D6A-ACC9E16EDDC1}.Debug|Any CPU.ActiveCfg = Debug|Any CPU
		{86C9D59B-FA6F-48B1-9D6A-ACC9E16EDDC1}.Debug|Any CPU.Build.0 = Debug|Any CPU
		{86C9D59B-FA6F-48B1-9D6A-ACC9E16EDDC1}.Release|Any CPU.ActiveCfg = Release|Any CPU
		{86C9D59B-FA6F-48B1-9D6A-ACC9E16EDDC1}.Release|Any CPU.Build.0 = Release|Any CPU
		{F774FFA0-9163-4606-8978-62F298C1DE4E}.Debug|Any CPU.ActiveCfg = Debug|Any CPU
		{F774FFA0-9163-4606-8978-62F298C1DE4E}.Debug|Any CPU.Build.0 = Debug|Any CPU
		{F774FFA0-9163-4606-8978-62F298C1DE4E}.Release|Any CPU.ActiveCfg = Release|Any CPU
		{F774FFA0-9163-4606-8978-62F298C1DE4E}.Release|Any CPU.Build.0 = Release|Any CPU
		{C5778F28-B2C8-420D-84AC-428A3FC189AF}.Debug|Any CPU.ActiveCfg = Debug|Any CPU
		{C5778F28-B2C8-420D-84AC-428A3FC189AF}.Debug|Any CPU.Build.0 = Debug|Any CPU
		{C5778F28-B2C8-420D-84AC-428A3FC189AF}.Release|Any CPU.ActiveCfg = Release|Any CPU
		{C5778F28-B2C8-420D-84AC-428A3FC189AF}.Release|Any CPU.Build.0 = Release|Any CPU
		{174CE022-7378-49DF-9768-921617655FD2}.Debug|Any CPU.ActiveCfg = Debug|Any CPU
		{174CE022-7378-49DF-9768-921617655FD2}.Debug|Any CPU.Build.0 = Debug|Any CPU
		{174CE022-7378-49DF-9768-921617655FD2}.Release|Any CPU.ActiveCfg = Release|Any CPU
		{174CE022-7378-49DF-9768-921617655FD2}.Release|Any CPU.Build.0 = Release|Any CPU
		{1383CB47-0765-4629-841F-1C6BB1B5C63C}.Debug|Any CPU.ActiveCfg = Debug|Any CPU
		{1383CB47-0765-4629-841F-1C6BB1B5C63C}.Debug|Any CPU.Build.0 = Debug|Any CPU
		{1383CB47-0765-4629-841F-1C6BB1B5C63C}.Release|Any CPU.ActiveCfg = Release|Any CPU
		{1383CB47-0765-4629-841F-1C6BB1B5C63C}.Release|Any CPU.Build.0 = Release|Any CPU
		{20461D61-63EA-4210-92F0-2F0D1057AF4B}.Debug|Any CPU.ActiveCfg = Debug|Any CPU
		{20461D61-63EA-4210-92F0-2F0D1057AF4B}.Debug|Any CPU.Build.0 = Debug|Any CPU
		{20461D61-63EA-4210-92F0-2F0D1057AF4B}.Release|Any CPU.ActiveCfg = Release|Any CPU
		{20461D61-63EA-4210-92F0-2F0D1057AF4B}.Release|Any CPU.Build.0 = Release|Any CPU
		{84C76C00-FEE3-4990-9C73-D6145425F7B6}.Debug|Any CPU.ActiveCfg = Debug|Any CPU
		{84C76C00-FEE3-4990-9C73-D6145425F7B6}.Debug|Any CPU.Build.0 = Debug|Any CPU
		{84C76C00-FEE3-4990-9C73-D6145425F7B6}.Release|Any CPU.ActiveCfg = Release|Any CPU
		{84C76C00-FEE3-4990-9C73-D6145425F7B6}.Release|Any CPU.Build.0 = Release|Any CPU
		{F3E01C5A-B625-490A-8652-1795CACEC28D}.Debug|Any CPU.ActiveCfg = Debug|Any CPU
		{F3E01C5A-B625-490A-8652-1795CACEC28D}.Debug|Any CPU.Build.0 = Debug|Any CPU
		{F3E01C5A-B625-490A-8652-1795CACEC28D}.Release|Any CPU.ActiveCfg = Release|Any CPU
		{F3E01C5A-B625-490A-8652-1795CACEC28D}.Release|Any CPU.Build.0 = Release|Any CPU
	EndGlobalSection
	GlobalSection(SolutionProperties) = preSolution
		HideSolutionNode = FALSE
	EndGlobalSection
	GlobalSection(NestedProjects) = preSolution
		{A6621347-BF71-4030-9F8F-3029C996DED1} = {40403B08-1658-4DA4-91F7-86F699FA0B05}
		{30391F89-FA48-4C1B-9060-22C528A11CBA} = {40403B08-1658-4DA4-91F7-86F699FA0B05}
		{86C9D59B-FA6F-48B1-9D6A-ACC9E16EDDC1} = {40403B08-1658-4DA4-91F7-86F699FA0B05}
		{F774FFA0-9163-4606-8978-62F298C1DE4E} = {024DDE75-2A38-4350-B150-79DA7168C83E}
		{C5778F28-B2C8-420D-84AC-428A3FC189AF} = {024DDE75-2A38-4350-B150-79DA7168C83E}
		{174CE022-7378-49DF-9768-921617655FD2} = {BA5A148E-569C-49F1-91B2-431AC78A6B4D}
		{1383CB47-0765-4629-841F-1C6BB1B5C63C} = {97AB6901-6EF1-4CCA-AAB1-31499C2C27DF}
		{20461D61-63EA-4210-92F0-2F0D1057AF4B} = {97AB6901-6EF1-4CCA-AAB1-31499C2C27DF}
		{84C76C00-FEE3-4990-9C73-D6145425F7B6} = {48FEE9A8-929A-4C39-B463-8D44E90059D1}
		{F3E01C5A-B625-490A-8652-1795CACEC28D} = {48FEE9A8-929A-4C39-B463-8D44E90059D1}
	EndGlobalSection
	GlobalSection(ExtensibilityGlobals) = postSolution
		SolutionGuid = {130633A7-471F-42FC-BA81-6545A99F1D69}
	EndGlobalSection
EndGlobal
